# This file is autogenerated, do not edit; changes may be undone by the next 'dep ensure'.


[[projects]]
  branch = "master"
  digest = "1:2679e2ae14d371eb347bdb44cc049c4bbf422c36bee2e74c071223ffe1b794cc"
  name = "github.com/ConvertAPI/convertapi-go"
  packages = [
    ".",
    "config",
    "lib",
    "param",
  ]
  pruneopts = "UT"
  revision = "a822cefe0641ce45c4acd7a59c8b4f1266aeb196"

[[projects]]
  digest = "1:b640f196e31078d2ff78476ccb4487b5ac71c7a6f5be8ca2b7f5bb45cd215a07"
  name = "github.com/mailjet/mailjet-apiv3-go"
  packages = [
    ".",
    "fixtures",
    "resources",
  ]
  pruneopts = "UT"
  revision = "4597cb4aae1236575fcd3f7c09544191e1e0aa35"
  version = "2.4.5"

[[projects]]
  digest = "1:69b0833556092b254b0a86b54b2e7ab67da115ffcf0b2a3751dde840a65a3a65"
  name = "github.com/unidoc/unidoc"
  packages = [
    "common",
    "common/license",
    "pdf/contentstream",
    "pdf/contentstream/draw",
    "pdf/core",
    "pdf/creator",
    "pdf/model",
    "pdf/model/fonts",
    "pdf/model/sampling",
    "pdf/model/textencoding",
    "pdf/ps",
  ]
  pruneopts = "UT"
  revision = "2752beb6f0cdbae03254246e8f26f1e3455518c8"
  version = "v2.2.0"

[[projects]]
  branch = "master"
  digest = "1:de6078be7bbedf02bf7235cda239bba1fdce01b5605ddeb3bb4ec39bed6f1859"
  name = "golang.org/x/image"
  packages = ["tiff/lzw"]
  pruneopts = "UT"
  revision = "cd38e8056d9b27bb2f265effa37fb0ea6b8a7f0f"

[solve-meta]
  analyzer-name = "dep"
  analyzer-version = 1
  input-imports = [
    "github.com/ConvertAPI/convertapi-go",
    "github.com/ConvertAPI/convertapi-go/config",
    "github.com/ConvertAPI/convertapi-go/param",
    "github.com/mailjet/mailjet-apiv3-go",
    "github.com/unidoc/unidoc/pdf/creator",
  ]
  solver-name = "gps-cdcl"
  solver-version = 1
