# This file is autogenerated, do not edit; changes may be undone by the next 'dep ensure'.


[[projects]]
  branch = "master"
  digest = "1:2679e2ae14d371eb347bdb44cc049c4bbf422c36bee2e74c071223ffe1b794cc"
  name = "github.com/ConvertAPI/convertapi-go"
  packages = [
    ".",
    "config",
    "lib",
    "param",
  ]
  pruneopts = "UT"
  revision = "a822cefe0641ce45c4acd7a59c8b4f1266aeb196"

[[projects]]
  digest = "1:b640f196e31078d2ff78476ccb4487b5ac71c7a6f5be8ca2b7f5bb45cd215a07"
  name = "github.com/mailjet/mailjet-apiv3-go"
  packages = [
    ".",
    "fixtures",
    "resources",
  ]
  pruneopts = "UT"
  revision = "4597cb4aae1236575fcd3f7c09544191e1e0aa35"
  version = "2.4.5"

[solve-meta]
  analyzer-name = "dep"
  analyzer-version = 1
  input-imports = [
    "github.com/ConvertAPI/convertapi-go",
    "github.com/ConvertAPI/convertapi-go/config",
    "github.com/ConvertAPI/convertapi-go/param",
    "github.com/mailjet/mailjet-apiv3-go",
  ]
  solver-name = "gps-cdcl"
  solver-version = 1
