# This file is autogenerated, do not edit; changes may be undone by the next 'dep ensure'.


[[projects]]
  branch = "master"
  digest = "1:7ca028a0e79e81ceeb78ec41ba8d93e17dae1f634d3271315b60789619536b66"
  name = "github.com/hihebark/convertapi-go"
  packages = [
    ".",
    "config",
    "lib",
    "param",
  ]
  pruneopts = "UT"
  revision = "dd19b84008225bb0cfdcb7b9544f8a6b33be4b67"

[[projects]]
  digest = "1:b640f196e31078d2ff78476ccb4487b5ac71c7a6f5be8ca2b7f5bb45cd215a07"
  name = "github.com/mailjet/mailjet-apiv3-go"
  packages = [
    ".",
    "fixtures",
    "resources",
  ]
  pruneopts = "UT"
  revision = "4597cb4aae1236575fcd3f7c09544191e1e0aa35"
  version = "2.4.5"

[solve-meta]
  analyzer-name = "dep"
  analyzer-version = 1
  input-imports = [
    "github.com/hihebark/convertapi-go",
    "github.com/hihebark/convertapi-go/config",
    "github.com/hihebark/convertapi-go/param",
    "github.com/mailjet/mailjet-apiv3-go",
  ]
  solver-name = "gps-cdcl"
  solver-version = 1
